
Microsoft Visual Studio Solution File, Format Version 12.00
# Visual Studio Version 17
VisualStudioVersion = 17.13.35931.197 d17.13
MinimumVisualStudioVersion = 10.0.40219.1
Project("{FAE04EC0-301F-11D3-BF4B-00C04F79EFBC}") = "tienda_examen", "tienda_examen\tienda_examen.csproj", "{4C40C368-99D5-4802-A6AB-913AAD58CB13}"
EndProject
Global
	GlobalSection(SolutionConfigurationPlatforms) = preSolution
		Debug|Any CPU = Debug|Any CPU
		Release|Any CPU = Release|Any CPU
	EndGlobalSection
	GlobalSection(ProjectConfigurationPlatforms) = postSolution
		{4C40C368-99D5-4802-A6AB-913AAD58CB13}.Debug|Any CPU.ActiveCfg = Debug|Any CPU
		{4C40C368-99D5-4802-A6AB-913AAD58CB13}.Debug|Any CPU.Build.0 = Debug|Any CPU
		{4C40C368-99D5-4802-A6AB-913AAD58CB13}.Release|Any CPU.ActiveCfg = Release|Any CPU
		{4C40C368-99D5-4802-A6AB-913AAD58CB13}.Release|Any CPU.Build.0 = Release|Any CPU
	EndGlobalSection
	GlobalSection(SolutionProperties) = preSolution
		HideSolutionNode = FALSE
	EndGlobalSection
	GlobalSection(ExtensibilityGlobals) = postSolution
		SolutionGuid = {1D9E8461-351F-4C4C-AC15-3494F99BB051}
	EndGlobalSection
EndGlobal
